
Microsoft Visual Studio Solution File, Format Version 12.00
# Visual Studio Version 17
VisualStudioVersion = 17.11.35327.3
MinimumVisualStudioVersion = 10.0.40219.1
Project("{FAE04EC0-301F-11D3-BF4B-00C04F79EFBC}") = "NETELLUS", "NETELLUS.csproj", "{AB010D28-8549-4F44-852A-CEFB033439C0}"
EndProject
Global
	GlobalSection(SolutionConfigurationPlatforms) = preSolution
		Debug|Any CPU = Debug|Any CPU
		Release|Any CPU = Release|Any CPU
	EndGlobalSection
	GlobalSection(ProjectConfigurationPlatforms) = postSolution
		{AB010D28-8549-4F44-852A-CEFB033439C0}.Debug|Any CPU.ActiveCfg = Debug|Any CPU
		{AB010D28-8549-4F44-852A-CEFB033439C0}.Debug|Any CPU.Build.0 = Debug|Any CPU
		{AB010D28-8549-4F44-852A-CEFB033439C0}.Release|Any CPU.ActiveCfg = Release|Any CPU
		{AB010D28-8549-4F44-852A-CEFB033439C0}.Release|Any CPU.Build.0 = Release|Any CPU
	EndGlobalSection
	GlobalSection(SolutionProperties) = preSolution
		HideSolutionNode = FALSE
	EndGlobalSection
	GlobalSection(ExtensibilityGlobals) = postSolution
		SolutionGuid = {E799D937-DFE1-4443-A2B8-D0731DCE2040}
	EndGlobalSection
EndGlobal
